// !$*UTF8*$!
{
	archiveVersion = 1;
	classes = {
	};
	objectVersion = 56;
	objects = {

/* Begin PBXBuildFile section */
		F0083D782C6EA0BE0081AD15 /* JustASegueAndUnwind1AppGlobalInfo.swift in Sources */ = {isa = PBXBuildFile; fileRef = F0083D772C6EA0BE0081AD15 /* JustASegueAndUnwind1AppGlobalInfo.swift */; };
		F07758F92C6E99CE00654783 /* JustASegueAndUnwind1App.swift in Sources */ = {isa = PBXBuildFile; fileRef = F07758F82C6E99CE00654783 /* JustASegueAndUnwind1App.swift */; };
		F07758FD2C6E99CF00654783 /* Assets.xcassets in Resources */ = {isa = PBXBuildFile; fileRef = F07758FC2C6E99CF00654783 /* Assets.xcassets */; };
		F07759002C6E99CF00654783 /* Preview Assets.xcassets in Resources */ = {isa = PBXBuildFile; fileRef = F07758FF2C6E99CF00654783 /* Preview Assets.xcassets */; };
		F0C64E7A2C6FC7560065A59F /* Main.storyboard in Resources */ = {isa = PBXBuildFile; fileRef = F0C64E792C6FC7550065A59F /* Main.storyboard */; };
		F0C9CA222C729AD1004C94C3 /* ContentView.swift in Sources */ = {isa = PBXBuildFile; fileRef = F0C9CA1F2C729AD1004C94C3 /* ContentView.swift */; };
		F0F63DC32C72B9AA0087A591 /* ForwardStoryboardVCRepresentable.swift in Sources */ = {isa = PBXBuildFile; fileRef = F0F63DC22C72B9AA0087A591 /* ForwardStoryboardVCRepresentable.swift */; };
		F0F63DC52C72BDF60087A591 /* LandingPageViewController.swift in Sources */ = {isa = PBXBuildFile; fileRef = F0F63DC42C72BDF60087A591 /* LandingPageViewController.swift */; };
		F0F63DC72C72C7540087A591 /* FirstViewController.swift in Sources */ = {isa = PBXBuildFile; fileRef = F0F63DC62C72C7540087A591 /* FirstViewController.swift */; };
/* End PBXBuildFile section */

/* Begin PBXFileReference section */
		F0083D772C6EA0BE0081AD15 /* JustASegueAndUnwind1AppGlobalInfo.swift */ = {isa = PBXFileReference; fileEncoding = 4; lastKnownFileType = sourcecode.swift; path = JustASegueAndUnwind1AppGlobalInfo.swift; sourceTree = "<group>"; };
		F07758F52C6E99CE00654783 /* JustASegueAndUnwind1.app */ = {isa = PBXFileReference; explicitFileType = wrapper.application; includeInIndex = 0; path = JustASegueAndUnwind1.app; sourceTree = BUILT_PRODUCTS_DIR; };
		F07758F82C6E99CE00654783 /* JustASegueAndUnwind1App.swift */ = {isa = PBXFileReference; lastKnownFileType = sourcecode.swift; path = JustASegueAndUnwind1App.swift; sourceTree = "<group>"; };
		F07758FC2C6E99CF00654783 /* Assets.xcassets */ = {isa = PBXFileReference; lastKnownFileType = folder.assetcatalog; path = Assets.xcassets; sourceTree = "<group>"; };
		F07758FF2C6E99CF00654783 /* Preview Assets.xcassets */ = {isa = PBXFileReference; lastKnownFileType = folder.assetcatalog; path = "Preview Assets.xcassets"; sourceTree = "<group>"; };
		F0B18BAC2C8B3E7E00E5D6D9 /* JustASegueAndUnwind1.entitlements */ = {isa = PBXFileReference; lastKnownFileType = text.plist.entitlements; path = JustASegueAndUnwind1.entitlements; sourceTree = "<group>"; };
		F0C64E792C6FC7550065A59F /* Main.storyboard */ = {isa = PBXFileReference; fileEncoding = 4; lastKnownFileType = file.storyboard; name = Main.storyboard; path = JustASegueAndUnwind1/Main.storyboard; sourceTree = SOURCE_ROOT; };
		F0C9CA1F2C729AD1004C94C3 /* ContentView.swift */ = {isa = PBXFileReference; fileEncoding = 4; lastKnownFileType = sourcecode.swift; path = ContentView.swift; sourceTree = "<group>"; };
		F0F63DC22C72B9AA0087A591 /* ForwardStoryboardVCRepresentable.swift */ = {isa = PBXFileReference; fileEncoding = 4; lastKnownFileType = sourcecode.swift; path = ForwardStoryboardVCRepresentable.swift; sourceTree = "<group>"; };
		F0F63DC42C72BDF60087A591 /* LandingPageViewController.swift */ = {isa = PBXFileReference; fileEncoding = 4; lastKnownFileType = sourcecode.swift; path = LandingPageViewController.swift; sourceTree = "<group>"; };
		F0F63DC62C72C7540087A591 /* FirstViewController.swift */ = {isa = PBXFileReference; fileEncoding = 4; lastKnownFileType = sourcecode.swift; path = FirstViewController.swift; sourceTree = "<group>"; };
/* End PBXFileReference section */

/* Begin PBXFrameworksBuildPhase section */
		F07758F22C6E99CE00654783 /* Frameworks */ = {
			isa = PBXFrameworksBuildPhase;
			buildActionMask = 2147483647;
			files = (
			);
			runOnlyForDeploymentPostprocessing = 0;
		};
/* End PBXFrameworksBuildPhase section */

/* Begin PBXGroup section */
		F07758EC2C6E99CD00654783 = {
			isa = PBXGroup;
			children = (
				F07758F72C6E99CE00654783 /* JustASegueAndUnwind1 */,
				F07758F62C6E99CE00654783 /* Products */,
			);
			sourceTree = "<group>";
		};
		F07758F62C6E99CE00654783 /* Products */ = {
			isa = PBXGroup;
			children = (
				F07758F52C6E99CE00654783 /* JustASegueAndUnwind1.app */,
			);
			name = Products;
			sourceTree = "<group>";
		};
		F07758F72C6E99CE00654783 /* JustASegueAndUnwind1 */ = {
			isa = PBXGroup;
			children = (
				F0B18BAC2C8B3E7E00E5D6D9 /* JustASegueAndUnwind1.entitlements */,
				F07758F82C6E99CE00654783 /* JustASegueAndUnwind1App.swift */,
				F0083D772C6EA0BE0081AD15 /* JustASegueAndUnwind1AppGlobalInfo.swift */,
				F0C9CA1E2C729A7E004C94C3 /* Views */,
				F0C64E792C6FC7550065A59F /* Main.storyboard */,
				F07758FC2C6E99CF00654783 /* Assets.xcassets */,
				F07758FE2C6E99CF00654783 /* Preview Content */,
			);
			path = JustASegueAndUnwind1;
			sourceTree = "<group>";
		};
		F07758FE2C6E99CF00654783 /* Preview Content */ = {
			isa = PBXGroup;
			children = (
				F07758FF2C6E99CF00654783 /* Preview Assets.xcassets */,
			);
			path = "Preview Content";
			sourceTree = "<group>";
		};
		F0C9CA1E2C729A7E004C94C3 /* Views */ = {
			isa = PBXGroup;
			children = (
				F0F63DC62C72C7540087A591 /* FirstViewController.swift */,
				F0F63DC42C72BDF60087A591 /* LandingPageViewController.swift */,
				F0F63DC22C72B9AA0087A591 /* ForwardStoryboardVCRepresentable.swift */,
				F0C9CA1F2C729AD1004C94C3 /* ContentView.swift */,
			);
			path = Views;
			sourceTree = "<group>";
		};
/* End PBXGroup section */

/* Begin PBXNativeTarget section */
		F07758F42C6E99CE00654783 /* JustASegueAndUnwind1 */ = {
			isa = PBXNativeTarget;
			buildConfigurationList = F07759032C6E99CF00654783 /* Build configuration list for PBXNativeTarget "JustASegueAndUnwind1" */;
			buildPhases = (
				F07758F12C6E99CE00654783 /* Sources */,
				F07758F22C6E99CE00654783 /* Frameworks */,
				F07758F32C6E99CE00654783 /* Resources */,
			);
			buildRules = (
			);
			dependencies = (
			);
			name = JustASegueAndUnwind1;
			productName = JustASegueAndUnwind1;
			productReference = F07758F52C6E99CE00654783 /* JustASegueAndUnwind1.app */;
			productType = "com.apple.product-type.application";
		};
/* End PBXNativeTarget section */

/* Begin PBXProject section */
		F07758ED2C6E99CD00654783 /* Project object */ = {
			isa = PBXProject;
			attributes = {
				BuildIndependentTargetsInParallel = 1;
				LastSwiftUpdateCheck = 1540;
				LastUpgradeCheck = 1540;
				TargetAttributes = {
					F07758F42C6E99CE00654783 = {
						CreatedOnToolsVersion = 15.4;
					};
				};
			};
			buildConfigurationList = F07758F02C6E99CD00654783 /* Build configuration list for PBXProject "JustASegueAndUnwind1" */;
			compatibilityVersion = "Xcode 14.0";
			developmentRegion = en;
			hasScannedForEncodings = 0;
			knownRegions = (
				en,
				Base,
			);
			mainGroup = F07758EC2C6E99CD00654783;
			productRefGroup = F07758F62C6E99CE00654783 /* Products */;
			projectDirPath = "";
			projectRoot = "";
			targets = (
				F07758F42C6E99CE00654783 /* JustASegueAndUnwind1 */,
			);
		};
/* End PBXProject section */

/* Begin PBXResourcesBuildPhase section */
		F07758F32C6E99CE00654783 /* Resources */ = {
			isa = PBXResourcesBuildPhase;
			buildActionMask = 2147483647;
			files = (
				F0C64E7A2C6FC7560065A59F /* Main.storyboard in Resources */,
				F07759002C6E99CF00654783 /* Preview Assets.xcassets in Resources */,
				F07758FD2C6E99CF00654783 /* Assets.xcassets in Resources */,
			);
			runOnlyForDeploymentPostprocessing = 0;
		};
/* End PBXResourcesBuildPhase section */

/* Begin PBXSourcesBuildPhase section */
		F07758F12C6E99CE00654783 /* Sources */ = {
			isa = PBXSourcesBuildPhase;
			buildActionMask = 2147483647;
			files = (
				F0F63DC32C72B9AA0087A591 /* ForwardStoryboardVCRepresentable.swift in Sources */,
				F0F63DC52C72BDF60087A591 /* LandingPageViewController.swift in Sources */,
				F0083D782C6EA0BE0081AD15 /* JustASegueAndUnwind1AppGlobalInfo.swift in Sources */,
				F0F63DC72C72C7540087A591 /* FirstViewController.swift in Sources */,
				F07758F92C6E99CE00654783 /* JustASegueAndUnwind1App.swift in Sources */,
				F0C9CA222C729AD1004C94C3 /* ContentView.swift in Sources */,
			);
			runOnlyForDeploymentPostprocessing = 0;
		};
/* End PBXSourcesBuildPhase section */

/* Begin XCBuildConfiguration section */
		F07759012C6E99CF00654783 /* Debug */ = {
			isa = XCBuildConfiguration;
			buildSettings = {
				ALWAYS_SEARCH_USER_PATHS = NO;
				ASSETCATALOG_COMPILER_GENERATE_SWIFT_ASSET_SYMBOL_EXTENSIONS = YES;
				CLANG_ANALYZER_NONNULL = YES;
				CLANG_ANALYZER_NUMBER_OBJECT_CONVERSION = YES_AGGRESSIVE;
				CLANG_CXX_LANGUAGE_STANDARD = "gnu++20";
				CLANG_ENABLE_MODULES = YES;
				CLANG_ENABLE_OBJC_ARC = YES;
				CLANG_ENABLE_OBJC_WEAK = YES;
				CLANG_WARN_BLOCK_CAPTURE_AUTORELEASING = YES;
				CLANG_WARN_BOOL_CONVERSION = YES;
				CLANG_WARN_COMMA = YES;
				CLANG_WARN_CONSTANT_CONVERSION = YES;
				CLANG_WARN_DEPRECATED_OBJC_IMPLEMENTATIONS = YES;
				CLANG_WARN_DIRECT_OBJC_ISA_USAGE = YES_ERROR;
				CLANG_WARN_DOCUMENTATION_COMMENTS = YES;
				CLANG_WARN_EMPTY_BODY = YES;
				CLANG_WARN_ENUM_CONVERSION = YES;
				CLANG_WARN_INFINITE_RECURSION = YES;
				CLANG_WARN_INT_CONVERSION = YES;
				CLANG_WARN_NON_LITERAL_NULL_CONVERSION = YES;
				CLANG_WARN_OBJC_IMPLICIT_RETAIN_SELF = YES;
				CLANG_WARN_OBJC_LITERAL_CONVERSION = YES;
				CLANG_WARN_OBJC_ROOT_CLASS = YES_ERROR;
				CLANG_WARN_QUOTED_INCLUDE_IN_FRAMEWORK_HEADER = YES;
				CLANG_WARN_RANGE_LOOP_ANALYSIS = YES;
				CLANG_WARN_STRICT_PROTOTYPES = YES;
				CLANG_WARN_SUSPICIOUS_MOVE = YES;
				CLANG_WARN_UNGUARDED_AVAILABILITY = YES_AGGRESSIVE;
				CLANG_WARN_UNREACHABLE_CODE = YES;
				CLANG_WARN__DUPLICATE_METHOD_MATCH = YES;
				COPY_PHASE_STRIP = NO;
				DEBUG_INFORMATION_FORMAT = dwarf;
				ENABLE_STRICT_OBJC_MSGSEND = YES;
				ENABLE_TESTABILITY = YES;
				ENABLE_USER_SCRIPT_SANDBOXING = YES;
				GCC_C_LANGUAGE_STANDARD = gnu17;
				GCC_DYNAMIC_NO_PIC = NO;
				GCC_NO_COMMON_BLOCKS = YES;
				GCC_OPTIMIZATION_LEVEL = 0;
				GCC_PREPROCESSOR_DEFINITIONS = (
					"DEBUG=1",
					"$(inherited)",
				);
				GCC_WARN_64_TO_32_BIT_CONVERSION = YES;
				GCC_WARN_ABOUT_RETURN_TYPE = YES_ERROR;
				GCC_WARN_UNDECLARED_SELECTOR = YES;
				GCC_WARN_UNINITIALIZED_AUTOS = YES_AGGRESSIVE;
				GCC_WARN_UNUSED_FUNCTION = YES;
				GCC_WARN_UNUSED_VARIABLE = YES;
				IPHONEOS_DEPLOYMENT_TARGET = 17.5;
				LOCALIZATION_PREFERS_STRING_CATALOGS = YES;
				MTL_ENABLE_DEBUG_INFO = INCLUDE_SOURCE;
				MTL_FAST_MATH = YES;
				ONLY_ACTIVE_ARCH = YES;
				SDKROOT = iphoneos;
				SWIFT_ACTIVE_COMPILATION_CONDITIONS = "DEBUG $(inherited)";
				SWIFT_OPTIMIZATION_LEVEL = "-Onone";
			};
			name = Debug;
		};
		F07759022C6E99CF00654783 /* Release */ = {
			isa = XCBuildConfiguration;
			buildSettings = {
				ALWAYS_SEARCH_USER_PATHS = NO;
				ASSETCATALOG_COMPILER_GENERATE_SWIFT_ASSET_SYMBOL_EXTENSIONS = YES;
				CLANG_ANALYZER_NONNULL = YES;
				CLANG_ANALYZER_NUMBER_OBJECT_CONVERSION = YES_AGGRESSIVE;
				CLANG_CXX_LANGUAGE_STANDARD = "gnu++20";
				CLANG_ENABLE_MODULES = YES;
				CLANG_ENABLE_OBJC_ARC = YES;
				CLANG_ENABLE_OBJC_WEAK = YES;
				CLANG_WARN_BLOCK_CAPTURE_AUTORELEASING = YES;
				CLANG_WARN_BOOL_CONVERSION = YES;
				CLANG_WARN_COMMA = YES;
				CLANG_WARN_CONSTANT_CONVERSION = YES;
				CLANG_WARN_DEPRECATED_OBJC_IMPLEMENTATIONS = YES;
				CLANG_WARN_DIRECT_OBJC_ISA_USAGE = YES_ERROR;
				CLANG_WARN_DOCUMENTATION_COMMENTS = YES;
				CLANG_WARN_EMPTY_BODY = YES;
				CLANG_WARN_ENUM_CONVERSION = YES;
				CLANG_WARN_INFINITE_RECURSION = YES;
				CLANG_WARN_INT_CONVERSION = YES;
				CLANG_WARN_NON_LITERAL_NULL_CONVERSION = YES;
				CLANG_WARN_OBJC_IMPLICIT_RETAIN_SELF = YES;
				CLANG_WARN_OBJC_LITERAL_CONVERSION = YES;
				CLANG_WARN_OBJC_ROOT_CLASS = YES_ERROR;
				CLANG_WARN_QUOTED_INCLUDE_IN_FRAMEWORK_HEADER = YES;
				CLANG_WARN_RANGE_LOOP_ANALYSIS = YES;
				CLANG_WARN_STRICT_PROTOTYPES = YES;
				CLANG_WARN_SUSPICIOUS_MOVE = YES;
				CLANG_WARN_UNGUARDED_AVAILABILITY = YES_AGGRESSIVE;
				CLANG_WARN_UNREACHABLE_CODE = YES;
				CLANG_WARN__DUPLICATE_METHOD_MATCH = YES;
				COPY_PHASE_STRIP = NO;
				DEBUG_INFORMATION_FORMAT = "dwarf-with-dsym";
				ENABLE_NS_ASSERTIONS = NO;
				ENABLE_STRICT_OBJC_MSGSEND = YES;
				ENABLE_USER_SCRIPT_SANDBOXING = YES;
				GCC_C_LANGUAGE_STANDARD = gnu17;
				GCC_NO_COMMON_BLOCKS = YES;
				GCC_WARN_64_TO_32_BIT_CONVERSION = YES;
				GCC_WARN_ABOUT_RETURN_TYPE = YES_ERROR;
				GCC_WARN_UNDECLARED_SELECTOR = YES;
				GCC_WARN_UNINITIALIZED_AUTOS = YES_AGGRESSIVE;
				GCC_WARN_UNUSED_FUNCTION = YES;
				GCC_WARN_UNUSED_VARIABLE = YES;
				IPHONEOS_DEPLOYMENT_TARGET = 17.5;
				LOCALIZATION_PREFERS_STRING_CATALOGS = YES;
				MTL_ENABLE_DEBUG_INFO = NO;
				MTL_FAST_MATH = YES;
				SDKROOT = iphoneos;
				SWIFT_COMPILATION_MODE = wholemodule;
				VALIDATE_PRODUCT = YES;
			};
			name = Release;
		};
		F07759042C6E99CF00654783 /* Debug */ = {
			isa = XCBuildConfiguration;
			buildSettings = {
				ASSETCATALOG_COMPILER_APPICON_NAME = AppIcon;
				ASSETCATALOG_COMPILER_GLOBAL_ACCENT_COLOR_NAME = AccentColor;
				CODE_SIGN_ENTITLEMENTS = JustASegueAndUnwind1/JustASegueAndUnwind1.entitlements;
				CODE_SIGN_STYLE = Automatic;
				CURRENT_PROJECT_VERSION = 05.03.24C250;
				DEVELOPMENT_ASSET_PATHS = "\"JustASegueAndUnwind1/Preview Content\"";
				DEVELOPMENT_TEAM = J434W9VGHF;
				ENABLE_PREVIEWS = YES;
				GENERATE_INFOPLIST_FILE = YES;
				INFOPLIST_KEY_CFBundleDisplayName = JustASegueAndUnwind1;
				INFOPLIST_KEY_LSApplicationCategoryType = "public.app-category.utilities";
				INFOPLIST_KEY_NSHumanReadableCopyright = "Copyright (C) JustMacApps 2023-2024. All Rights Reserved.";
				INFOPLIST_KEY_UIApplicationSceneManifest_Generation = YES;
				INFOPLIST_KEY_UIApplicationSupportsIndirectInputEvents = YES;
				INFOPLIST_KEY_UILaunchScreen_Generation = YES;
				INFOPLIST_KEY_UIMainStoryboardFile = Main;
				INFOPLIST_KEY_UISupportedInterfaceOrientations_iPad = "UIInterfaceOrientationPortrait UIInterfaceOrientationPortraitUpsideDown UIInterfaceOrientationLandscapeLeft UIInterfaceOrientationLandscapeRight";
				INFOPLIST_KEY_UISupportedInterfaceOrientations_iPhone = "UIInterfaceOrientationPortrait UIInterfaceOrientationLandscapeLeft UIInterfaceOrientationLandscapeRight";
				LD_RUNPATH_SEARCH_PATHS = (
					"$(inherited)",
					"@executable_path/Frameworks",
				);
				MARKETING_VERSION = 1.01;
				PRODUCT_BUNDLE_IDENTIFIER = net.justmacapps.JustASegueAndUnwind1;
				PRODUCT_NAME = "$(TARGET_NAME)";
				SUPPORTED_PLATFORMS = "iphoneos iphonesimulator";
				SUPPORTS_MACCATALYST = YES;
				SWIFT_EMIT_LOC_STRINGS = YES;
				SWIFT_VERSION = 5.0;
				TARGETED_DEVICE_FAMILY = "1,2";
			};
			name = Debug;
		};
		F07759052C6E99CF00654783 /* Release */ = {
			isa = XCBuildConfiguration;
			buildSettings = {
				ASSETCATALOG_COMPILER_APPICON_NAME = AppIcon;
				ASSETCATALOG_COMPILER_GLOBAL_ACCENT_COLOR_NAME = AccentColor;
				CODE_SIGN_ENTITLEMENTS = JustASegueAndUnwind1/JustASegueAndUnwind1.entitlements;
				CODE_SIGN_STYLE = Automatic;
				CURRENT_PROJECT_VERSION = 05.03.24C250;
				DEVELOPMENT_ASSET_PATHS = "\"JustASegueAndUnwind1/Preview Content\"";
				DEVELOPMENT_TEAM = J434W9VGHF;
				ENABLE_PREVIEWS = YES;
				GENERATE_INFOPLIST_FILE = YES;
				INFOPLIST_KEY_CFBundleDisplayName = JustASegueAndUnwind1;
				INFOPLIST_KEY_LSApplicationCategoryType = "public.app-category.utilities";
				INFOPLIST_KEY_NSHumanReadableCopyright = "Copyright (C) JustMacApps 2023-2024. All Rights Reserved.";
				INFOPLIST_KEY_UIApplicationSceneManifest_Generation = YES;
				INFOPLIST_KEY_UIApplicationSupportsIndirectInputEvents = YES;
				INFOPLIST_KEY_UILaunchScreen_Generation = YES;
				INFOPLIST_KEY_UIMainStoryboardFile = Main;
				INFOPLIST_KEY_UISupportedInterfaceOrientations_iPad = "UIInterfaceOrientationPortrait UIInterfaceOrientationPortraitUpsideDown UIInterfaceOrientationLandscapeLeft UIInterfaceOrientationLandscapeRight";
				INFOPLIST_KEY_UISupportedInterfaceOrientations_iPhone = "UIInterfaceOrientationPortrait UIInterfaceOrientationLandscapeLeft UIInterfaceOrientationLandscapeRight";
				LD_RUNPATH_SEARCH_PATHS = (
					"$(inherited)",
					"@executable_path/Frameworks",
				);
				MARKETING_VERSION = 1.01;
				PRODUCT_BUNDLE_IDENTIFIER = net.justmacapps.JustASegueAndUnwind1;
				PRODUCT_NAME = "$(TARGET_NAME)";
				SUPPORTED_PLATFORMS = "iphoneos iphonesimulator";
				SUPPORTS_MACCATALYST = YES;
				SWIFT_EMIT_LOC_STRINGS = YES;
				SWIFT_VERSION = 5.0;
				TARGETED_DEVICE_FAMILY = "1,2";
			};
			name = Release;
		};
/* End XCBuildConfiguration section */

/* Begin XCConfigurationList section */
		F07758F02C6E99CD00654783 /* Build configuration list for PBXProject "JustASegueAndUnwind1" */ = {
			isa = XCConfigurationList;
			buildConfigurations = (
				F07759012C6E99CF00654783 /* Debug */,
				F07759022C6E99CF00654783 /* Release */,
			);
			defaultConfigurationIsVisible = 0;
			defaultConfigurationName = Release;
		};
		F07759032C6E99CF00654783 /* Build configuration list for PBXNativeTarget "JustASegueAndUnwind1" */ = {
			isa = XCConfigurationList;
			buildConfigurations = (
				F07759042C6E99CF00654783 /* Debug */,
				F07759052C6E99CF00654783 /* Release */,
			);
			defaultConfigurationIsVisible = 0;
			defaultConfigurationName = Release;
		};
/* End XCConfigurationList section */
	};
	rootObject = F07758ED2C6E99CD00654783 /* Project object */;
}
